{
  "name": "figma-icons-getter",
  "version": "1.0.0",
  "lockfileVersion": 3,
  "requires": true,
  "packages": {
    "": {
      "name": "figma-icons-getter",
      "version": "1.0.0",
      "license": "MIT",
      "bin": {
        "figma-icons-getter": "dist/main.js"
      },
      "devDependencies": {
        "@tsconfig/recommended": "^1.0.7",
        "@tsconfig/strictest": "^2.0.5",
        "typescript": "^5.5.3"
      }
    },
    "node_modules/@tsconfig/recommended": {
      "version": "1.0.7",
      "resolved": "https://registry.npmjs.org/@tsconfig/recommended/-/recommended-1.0.7.tgz",
      "integrity": "sha512-xiNMgCuoy4mCL4JTywk9XFs5xpRUcKxtWEcMR6FNMtsgewYTIgIR+nvlP4A4iRCAzRsHMnPhvTRrzp4AGcRTEA==",
      "dev": true
    },
    "node_modules/@tsconfig/strictest": {
      "version": "2.0.5",
      "resolved": "https://registry.npmjs.org/@tsconfig/strictest/-/strictest-2.0.5.tgz",
      "integrity": "sha512-ec4tjL2Rr0pkZ5hww65c+EEPYwxOi4Ryv+0MtjeaSQRJyq322Q27eOQiFbuNgw2hpL4hB1/W/HBGk3VKS43osg==",
      "dev": true
    },
    "node_modules/typescript": {
      "version": "5.5.3",
      "resolved": "https://registry.npmjs.org/typescript/-/typescript-5.5.3.tgz",
      "integrity": "sha512-/hreyEujaB0w76zKo6717l3L0o/qEUtRgdvUBvlkhoWeOVMjMuHNHk0BRBzikzuGDqNmPQbg5ifMEqsHLiIUcQ==",
      "dev": true,
      "bin": {
        "tsc": "bin/tsc",
        "tsserver": "bin/tsserver"
      },
      "engines": {
        "node": ">=14.17"
      }
    }
  }
}
